
Microsoft Visual Studio Solution File, Format Version 12.00
# Visual Studio Version 17
VisualStudioVersion = 17.7.34018.315
MinimumVisualStudioVersion = 10.0.40219.1
Project("{FAE04EC0-301F-11D3-BF4B-00C04F79EFBC}") = "user.Management.API", "user.Management.API\user.Management.API.csproj", "{7F1DA3D4-2A6F-4519-815E-D578E9E164A2}"
EndProject
Global
	GlobalSection(SolutionConfigurationPlatforms) = preSolution
		Debug|Any CPU = Debug|Any CPU
		Release|Any CPU = Release|Any CPU
	EndGlobalSection
	GlobalSection(ProjectConfigurationPlatforms) = postSolution
		{7F1DA3D4-2A6F-4519-815E-D578E9E164A2}.Debug|Any CPU.ActiveCfg = Debug|Any CPU
		{7F1DA3D4-2A6F-4519-815E-D578E9E164A2}.Debug|Any CPU.Build.0 = Debug|Any CPU
		{7F1DA3D4-2A6F-4519-815E-D578E9E164A2}.Release|Any CPU.ActiveCfg = Release|Any CPU
		{7F1DA3D4-2A6F-4519-815E-D578E9E164A2}.Release|Any CPU.Build.0 = Release|Any CPU
	EndGlobalSection
	GlobalSection(SolutionProperties) = preSolution
		HideSolutionNode = FALSE
	EndGlobalSection
	GlobalSection(ExtensibilityGlobals) = postSolution
		SolutionGuid = {7E090A63-10B9-47CC-8599-B45E8E60E3F1}
	EndGlobalSection
EndGlobal
